
Microsoft Visual Studio Solution File, Format Version 12.00
# Visual Studio Version 17
VisualStudioVersion = 17.14.36121.58 d17.14
MinimumVisualStudioVersion = 10.0.40219.1
Project("{FAE04EC0-301F-11D3-BF4B-00C04F79EFBC}") = "ScriptLauncher", "ScriptLauncher\ScriptLauncher.csproj", "{4E3DCF02-7B06-4DD0-92D3-B263655E0C94}"
EndProject
Global
	GlobalSection(SolutionConfigurationPlatforms) = preSolution
		Debug|Any CPU = Debug|Any CPU
		Release|Any CPU = Release|Any CPU
	EndGlobalSection
	GlobalSection(ProjectConfigurationPlatforms) = postSolution
		{4E3DCF02-7B06-4DD0-92D3-B263655E0C94}.Debug|Any CPU.ActiveCfg = Debug|Any CPU
		{4E3DCF02-7B06-4DD0-92D3-B263655E0C94}.Debug|Any CPU.Build.0 = Debug|Any CPU
		{4E3DCF02-7B06-4DD0-92D3-B263655E0C94}.Release|Any CPU.ActiveCfg = Release|Any CPU
		{4E3DCF02-7B06-4DD0-92D3-B263655E0C94}.Release|Any CPU.Build.0 = Release|Any CPU
	EndGlobalSection
	GlobalSection(SolutionProperties) = preSolution
		HideSolutionNode = FALSE
	EndGlobalSection
	GlobalSection(ExtensibilityGlobals) = postSolution
		SolutionGuid = {5FC7420F-D590-4901-BF00-885B35B767BA}
	EndGlobalSection
EndGlobal
